
Microsoft Visual Studio Solution File, Format Version 12.00
# Visual Studio Version 17
VisualStudioVersion = 17.5.33516.290
MinimumVisualStudioVersion = 10.0.40219.1
Project("{FAE04EC0-301F-11D3-BF4B-00C04F79EFBC}") = "PROG6221_Part_2_GLOIRE_ST10101508", "PROG6221_Part_2_GLOIRE_ST10101508\PROG6221_Part_2_GLOIRE_ST10101508.csproj", "{41397579-AD81-4D86-B678-06EE0C229729}"
EndProject
Global
	GlobalSection(SolutionConfigurationPlatforms) = preSolution
		Debug|Any CPU = Debug|Any CPU
		Release|Any CPU = Release|Any CPU
	EndGlobalSection
	GlobalSection(ProjectConfigurationPlatforms) = postSolution
		{41397579-AD81-4D86-B678-06EE0C229729}.Debug|Any CPU.ActiveCfg = Debug|Any CPU
		{41397579-AD81-4D86-B678-06EE0C229729}.Debug|Any CPU.Build.0 = Debug|Any CPU
		{41397579-AD81-4D86-B678-06EE0C229729}.Release|Any CPU.ActiveCfg = Release|Any CPU
		{41397579-AD81-4D86-B678-06EE0C229729}.Release|Any CPU.Build.0 = Release|Any CPU
	EndGlobalSection
	GlobalSection(SolutionProperties) = preSolution
		HideSolutionNode = FALSE
	EndGlobalSection
	GlobalSection(ExtensibilityGlobals) = postSolution
		SolutionGuid = {8D2EF0C2-119C-4778-87F6-6D61D63B1DCA}
	EndGlobalSection
EndGlobal
